// !$*UTF8*$!
{
	archiveVersion = 1;
	classes = {
	};
	objectVersion = 46;
	objects = {

/* Begin PBXBuildFile section */
		28119CCC1B03001D0097E605 /* MCHGamePlayScene.sks in Resources */ = {isa = PBXBuildFile; fileRef = 28119CCB1B03001D0097E605 /* MCHGamePlayScene.sks */; };
		2819D5AA1B02E7D8007BD5CA /* MCHMenuScene.sks in Resources */ = {isa = PBXBuildFile; fileRef = 2819D5A91B02E7D8007BD5CA /* MCHMenuScene.sks */; };
		2819D5AD1B02FE9E007BD5CA /* MCHGamePlayScene.m in Sources */ = {isa = PBXBuildFile; fileRef = 2819D5AC1B02FE9E007BD5CA /* MCHGamePlayScene.m */; };
		28D1D8381B02A73500F9BFFD /* main.m in Sources */ = {isa = PBXBuildFile; fileRef = 28D1D8371B02A73500F9BFFD /* main.m */; };
		28D1D83B1B02A73500F9BFFD /* AppDelegate.m in Sources */ = {isa = PBXBuildFile; fileRef = 28D1D83A1B02A73500F9BFFD /* AppDelegate.m */; };
		28D1D8401B02A73500F9BFFD /* MCHRootViewController.m in Sources */ = {isa = PBXBuildFile; fileRef = 28D1D83F1B02A73500F9BFFD /* MCHRootViewController.m */; };
		28D1D8431B02A73500F9BFFD /* Main.storyboard in Resources */ = {isa = PBXBuildFile; fileRef = 28D1D8411B02A73500F9BFFD /* Main.storyboard */; };
		28D1D8451B02A73500F9BFFD /* Images.xcassets in Resources */ = {isa = PBXBuildFile; fileRef = 28D1D8441B02A73500F9BFFD /* Images.xcassets */; };
		28D1D8481B02A73500F9BFFD /* LaunchScreen.xib in Resources */ = {isa = PBXBuildFile; fileRef = 28D1D8461B02A73500F9BFFD /* LaunchScreen.xib */; };
		28D1D8541B02A73500F9BFFD /* EggCatcherTests.m in Sources */ = {isa = PBXBuildFile; fileRef = 28D1D8531B02A73500F9BFFD /* EggCatcherTests.m */; };
		28D1D85F1B02DFD400F9BFFD /* MCHMenuScene.m in Sources */ = {isa = PBXBuildFile; fileRef = 28D1D85E1B02DFD400F9BFFD /* MCHMenuScene.m */; };
/* End PBXBuildFile section */

/* Begin PBXContainerItemProxy section */
		28D1D84E1B02A73500F9BFFD /* PBXContainerItemProxy */ = {
			isa = PBXContainerItemProxy;
			containerPortal = 28D1D82A1B02A73500F9BFFD /* Project object */;
			proxyType = 1;
			remoteGlobalIDString = 28D1D8311B02A73500F9BFFD;
			remoteInfo = EggCatcher;
		};
/* End PBXContainerItemProxy section */

/* Begin PBXFileReference section */
		28119CCB1B03001D0097E605 /* MCHGamePlayScene.sks */ = {isa = PBXFileReference; lastKnownFileType = file.sks; path = MCHGamePlayScene.sks; sourceTree = "<group>"; };
		2819D5A91B02E7D8007BD5CA /* MCHMenuScene.sks */ = {isa = PBXFileReference; lastKnownFileType = file.sks; path = MCHMenuScene.sks; sourceTree = "<group>"; };
		2819D5AB1B02FE9E007BD5CA /* MCHGamePlayScene.h */ = {isa = PBXFileReference; fileEncoding = 4; lastKnownFileType = sourcecode.c.h; path = MCHGamePlayScene.h; sourceTree = "<group>"; };
		2819D5AC1B02FE9E007BD5CA /* MCHGamePlayScene.m */ = {isa = PBXFileReference; fileEncoding = 4; lastKnownFileType = sourcecode.c.objc; path = MCHGamePlayScene.m; sourceTree = "<group>"; };
		28D1D8321B02A73500F9BFFD /* EggCatcher.app */ = {isa = PBXFileReference; explicitFileType = wrapper.application; includeInIndex = 0; path = EggCatcher.app; sourceTree = BUILT_PRODUCTS_DIR; };
		28D1D8361B02A73500F9BFFD /* Info.plist */ = {isa = PBXFileReference; lastKnownFileType = text.plist.xml; path = Info.plist; sourceTree = "<group>"; };
		28D1D8371B02A73500F9BFFD /* main.m */ = {isa = PBXFileReference; lastKnownFileType = sourcecode.c.objc; path = main.m; sourceTree = "<group>"; };
		28D1D8391B02A73500F9BFFD /* AppDelegate.h */ = {isa = PBXFileReference; lastKnownFileType = sourcecode.c.h; path = AppDelegate.h; sourceTree = "<group>"; };
		28D1D83A1B02A73500F9BFFD /* AppDelegate.m */ = {isa = PBXFileReference; lastKnownFileType = sourcecode.c.objc; path = AppDelegate.m; sourceTree = "<group>"; };
		28D1D83E1B02A73500F9BFFD /* MCHRootViewController.h */ = {isa = PBXFileReference; lastKnownFileType = sourcecode.c.h; path = MCHRootViewController.h; sourceTree = "<group>"; };
		28D1D83F1B02A73500F9BFFD /* MCHRootViewController.m */ = {isa = PBXFileReference; lastKnownFileType = sourcecode.c.objc; path = MCHRootViewController.m; sourceTree = "<group>"; };
		28D1D8421B02A73500F9BFFD /* Base */ = {isa = PBXFileReference; lastKnownFileType = file.storyboard; name = Base; path = Base.lproj/Main.storyboard; sourceTree = "<group>"; };
		28D1D8441B02A73500F9BFFD /* Images.xcassets */ = {isa = PBXFileReference; lastKnownFileType = folder.assetcatalog; path = Images.xcassets; sourceTree = "<group>"; };
		28D1D8471B02A73500F9BFFD /* Base */ = {isa = PBXFileReference; lastKnownFileType = file.xib; name = Base; path = Base.lproj/LaunchScreen.xib; sourceTree = "<group>"; };
		28D1D84D1B02A73500F9BFFD /* EggCatcherTests.xctest */ = {isa = PBXFileReference; explicitFileType = wrapper.cfbundle; includeInIndex = 0; path = EggCatcherTests.xctest; sourceTree = BUILT_PRODUCTS_DIR; };
		28D1D8521B02A73500F9BFFD /* Info.plist */ = {isa = PBXFileReference; lastKnownFileType = text.plist.xml; path = Info.plist; sourceTree = "<group>"; };
		28D1D8531B02A73500F9BFFD /* EggCatcherTests.m */ = {isa = PBXFileReference; lastKnownFileType = sourcecode.c.objc; path = EggCatcherTests.m; sourceTree = "<group>"; };
		28D1D85D1B02DFD400F9BFFD /* MCHMenuScene.h */ = {isa = PBXFileReference; fileEncoding = 4; lastKnownFileType = sourcecode.c.h; path = MCHMenuScene.h; sourceTree = "<group>"; };
		28D1D85E1B02DFD400F9BFFD /* MCHMenuScene.m */ = {isa = PBXFileReference; fileEncoding = 4; lastKnownFileType = sourcecode.c.objc; path = MCHMenuScene.m; sourceTree = "<group>"; };
/* End PBXFileReference section */

/* Begin PBXFrameworksBuildPhase section */
		28D1D82F1B02A73500F9BFFD /* Frameworks */ = {
			isa = PBXFrameworksBuildPhase;
			buildActionMask = 2147483647;
			files = (
			);
			runOnlyForDeploymentPostprocessing = 0;
		};
		28D1D84A1B02A73500F9BFFD /* Frameworks */ = {
			isa = PBXFrameworksBuildPhase;
			buildActionMask = 2147483647;
			files = (
			);
			runOnlyForDeploymentPostprocessing = 0;
		};
/* End PBXFrameworksBuildPhase section */

/* Begin PBXGroup section */
		28D1D8291B02A73500F9BFFD = {
			isa = PBXGroup;
			children = (
				28D1D8341B02A73500F9BFFD /* EggCatcher */,
				28D1D8501B02A73500F9BFFD /* EggCatcherTests */,
				28D1D8331B02A73500F9BFFD /* Products */,
			);
			sourceTree = "<group>";
		};
		28D1D8331B02A73500F9BFFD /* Products */ = {
			isa = PBXGroup;
			children = (
				28D1D8321B02A73500F9BFFD /* EggCatcher.app */,
				28D1D84D1B02A73500F9BFFD /* EggCatcherTests.xctest */,
			);
			name = Products;
			sourceTree = "<group>";
		};
		28D1D8341B02A73500F9BFFD /* EggCatcher */ = {
			isa = PBXGroup;
			children = (
				28D1D8391B02A73500F9BFFD /* AppDelegate.h */,
				28D1D83A1B02A73500F9BFFD /* AppDelegate.m */,
				28D1D83E1B02A73500F9BFFD /* MCHRootViewController.h */,
				28D1D83F1B02A73500F9BFFD /* MCHRootViewController.m */,
				28D1D85D1B02DFD400F9BFFD /* MCHMenuScene.h */,
				28D1D85E1B02DFD400F9BFFD /* MCHMenuScene.m */,
				2819D5A91B02E7D8007BD5CA /* MCHMenuScene.sks */,
				2819D5AB1B02FE9E007BD5CA /* MCHGamePlayScene.h */,
				2819D5AC1B02FE9E007BD5CA /* MCHGamePlayScene.m */,
				28119CCB1B03001D0097E605 /* MCHGamePlayScene.sks */,
				28D1D8411B02A73500F9BFFD /* Main.storyboard */,
				28D1D8441B02A73500F9BFFD /* Images.xcassets */,
				28D1D8461B02A73500F9BFFD /* LaunchScreen.xib */,
				28D1D8351B02A73500F9BFFD /* Supporting Files */,
			);
			path = EggCatcher;
			sourceTree = "<group>";
		};
		28D1D8351B02A73500F9BFFD /* Supporting Files */ = {
			isa = PBXGroup;
			children = (
				28D1D8361B02A73500F9BFFD /* Info.plist */,
				28D1D8371B02A73500F9BFFD /* main.m */,
			);
			name = "Supporting Files";
			sourceTree = "<group>";
		};
		28D1D8501B02A73500F9BFFD /* EggCatcherTests */ = {
			isa = PBXGroup;
			children = (
				28D1D8531B02A73500F9BFFD /* EggCatcherTests.m */,
				28D1D8511B02A73500F9BFFD /* Supporting Files */,
			);
			path = EggCatcherTests;
			sourceTree = "<group>";
		};
		28D1D8511B02A73500F9BFFD /* Supporting Files */ = {
			isa = PBXGroup;
			children = (
				28D1D8521B02A73500F9BFFD /* Info.plist */,
			);
			name = "Supporting Files";
			sourceTree = "<group>";
		};
/* End PBXGroup section */

/* Begin PBXNativeTarget section */
		28D1D8311B02A73500F9BFFD /* EggCatcher */ = {
			isa = PBXNativeTarget;
			buildConfigurationList = 28D1D8571B02A73500F9BFFD /* Build configuration list for PBXNativeTarget "EggCatcher" */;
			buildPhases = (
				28D1D82E1B02A73500F9BFFD /* Sources */,
				28D1D82F1B02A73500F9BFFD /* Frameworks */,
				28D1D8301B02A73500F9BFFD /* Resources */,
			);
			buildRules = (
			);
			dependencies = (
			);
			name = EggCatcher;
			productName = EggCatcher;
			productReference = 28D1D8321B02A73500F9BFFD /* EggCatcher.app */;
			productType = "com.apple.product-type.application";
		};
		28D1D84C1B02A73500F9BFFD /* EggCatcherTests */ = {
			isa = PBXNativeTarget;
			buildConfigurationList = 28D1D85A1B02A73500F9BFFD /* Build configuration list for PBXNativeTarget "EggCatcherTests" */;
			buildPhases = (
				28D1D8491B02A73500F9BFFD /* Sources */,
				28D1D84A1B02A73500F9BFFD /* Frameworks */,
				28D1D84B1B02A73500F9BFFD /* Resources */,
			);
			buildRules = (
			);
			dependencies = (
				28D1D84F1B02A73500F9BFFD /* PBXTargetDependency */,
			);
			name = EggCatcherTests;
			productName = EggCatcherTests;
			productReference = 28D1D84D1B02A73500F9BFFD /* EggCatcherTests.xctest */;
			productType = "com.apple.product-type.bundle.unit-test";
		};
/* End PBXNativeTarget section */

/* Begin PBXProject section */
		28D1D82A1B02A73500F9BFFD /* Project object */ = {
			isa = PBXProject;
			attributes = {
				LastUpgradeCheck = 0630;
				ORGANIZATIONNAME = "Marc Henderson";
				TargetAttributes = {
					28D1D8311B02A73500F9BFFD = {
						CreatedOnToolsVersion = 6.3;
						DevelopmentTeam = 4N68VNR6A4;
					};
					28D1D84C1B02A73500F9BFFD = {
						CreatedOnToolsVersion = 6.3;
						TestTargetID = 28D1D8311B02A73500F9BFFD;
					};
				};
			};
			buildConfigurationList = 28D1D82D1B02A73500F9BFFD /* Build configuration list for PBXProject "EggCatcher" */;
			compatibilityVersion = "Xcode 3.2";
			developmentRegion = English;
			hasScannedForEncodings = 0;
			knownRegions = (
				en,
				Base,
			);
			mainGroup = 28D1D8291B02A73500F9BFFD;
			productRefGroup = 28D1D8331B02A73500F9BFFD /* Products */;
			projectDirPath = "";
			projectRoot = "";
			targets = (
				28D1D8311B02A73500F9BFFD /* EggCatcher */,
				28D1D84C1B02A73500F9BFFD /* EggCatcherTests */,
			);
		};
/* End PBXProject section */

/* Begin PBXResourcesBuildPhase section */
		28D1D8301B02A73500F9BFFD /* Resources */ = {
			isa = PBXResourcesBuildPhase;
			buildActionMask = 2147483647;
			files = (
				2819D5AA1B02E7D8007BD5CA /* MCHMenuScene.sks in Resources */,
				28119CCC1B03001D0097E605 /* MCHGamePlayScene.sks in Resources */,
				28D1D8481B02A73500F9BFFD /* LaunchScreen.xib in Resources */,
				28D1D8451B02A73500F9BFFD /* Images.xcassets in Resources */,
				28D1D8431B02A73500F9BFFD /* Main.storyboard in Resources */,
			);
			runOnlyForDeploymentPostprocessing = 0;
		};
		28D1D84B1B02A73500F9BFFD /* Resources */ = {
			isa = PBXResourcesBuildPhase;
			buildActionMask = 2147483647;
			files = (
			);
			runOnlyForDeploymentPostprocessing = 0;
		};
/* End PBXResourcesBuildPhase section */

/* Begin PBXSourcesBuildPhase section */
		28D1D82E1B02A73500F9BFFD /* Sources */ = {
			isa = PBXSourcesBuildPhase;
			buildActionMask = 2147483647;
			files = (
				28D1D85F1B02DFD400F9BFFD /* MCHMenuScene.m in Sources */,
				28D1D83B1B02A73500F9BFFD /* AppDelegate.m in Sources */,
				2819D5AD1B02FE9E007BD5CA /* MCHGamePlayScene.m in Sources */,
				28D1D8401B02A73500F9BFFD /* MCHRootViewController.m in Sources */,
				28D1D8381B02A73500F9BFFD /* main.m in Sources */,
			);
			runOnlyForDeploymentPostprocessing = 0;
		};
		28D1D8491B02A73500F9BFFD /* Sources */ = {
			isa = PBXSourcesBuildPhase;
			buildActionMask = 2147483647;
			files = (
				28D1D8541B02A73500F9BFFD /* EggCatcherTests.m in Sources */,
			);
			runOnlyForDeploymentPostprocessing = 0;
		};
/* End PBXSourcesBuildPhase section */

/* Begin PBXTargetDependency section */
		28D1D84F1B02A73500F9BFFD /* PBXTargetDependency */ = {
			isa = PBXTargetDependency;
			target = 28D1D8311B02A73500F9BFFD /* EggCatcher */;
			targetProxy = 28D1D84E1B02A73500F9BFFD /* PBXContainerItemProxy */;
		};
/* End PBXTargetDependency section */

/* Begin PBXVariantGroup section */
		28D1D8411B02A73500F9BFFD /* Main.storyboard */ = {
			isa = PBXVariantGroup;
			children = (
				28D1D8421B02A73500F9BFFD /* Base */,
			);
			name = Main.storyboard;
			sourceTree = "<group>";
		};
		28D1D8461B02A73500F9BFFD /* LaunchScreen.xib */ = {
			isa = PBXVariantGroup;
			children = (
				28D1D8471B02A73500F9BFFD /* Base */,
			);
			name = LaunchScreen.xib;
			sourceTree = "<group>";
		};
/* End PBXVariantGroup section */

/* Begin XCBuildConfiguration section */
		28D1D8551B02A73500F9BFFD /* Debug */ = {
			isa = XCBuildConfiguration;
			buildSettings = {
				ALWAYS_SEARCH_USER_PATHS = NO;
				CLANG_CXX_LANGUAGE_STANDARD = "gnu++0x";
				CLANG_CXX_LIBRARY = "libc++";
				CLANG_ENABLE_MODULES = YES;
				CLANG_ENABLE_OBJC_ARC = YES;
				CLANG_WARN_BOOL_CONVERSION = YES;
				CLANG_WARN_CONSTANT_CONVERSION = YES;
				CLANG_WARN_DIRECT_OBJC_ISA_USAGE = YES_ERROR;
				CLANG_WARN_EMPTY_BODY = YES;
				CLANG_WARN_ENUM_CONVERSION = YES;
				CLANG_WARN_INT_CONVERSION = YES;
				CLANG_WARN_OBJC_ROOT_CLASS = YES_ERROR;
				CLANG_WARN_UNREACHABLE_CODE = YES;
				CLANG_WARN__DUPLICATE_METHOD_MATCH = YES;
				"CODE_SIGN_IDENTITY[sdk=iphoneos*]" = "iPhone Developer";
				COPY_PHASE_STRIP = NO;
				DEBUG_INFORMATION_FORMAT = "dwarf-with-dsym";
				ENABLE_STRICT_OBJC_MSGSEND = YES;
				GCC_C_LANGUAGE_STANDARD = gnu99;
				GCC_DYNAMIC_NO_PIC = NO;
				GCC_NO_COMMON_BLOCKS = YES;
				GCC_OPTIMIZATION_LEVEL = 0;
				GCC_PREPROCESSOR_DEFINITIONS = (
					"DEBUG=1",
					"$(inherited)",
				);
				GCC_SYMBOLS_PRIVATE_EXTERN = NO;
				GCC_WARN_64_TO_32_BIT_CONVERSION = YES;
				GCC_WARN_ABOUT_RETURN_TYPE = YES_ERROR;
				GCC_WARN_UNDECLARED_SELECTOR = YES;
				GCC_WARN_UNINITIALIZED_AUTOS = YES_AGGRESSIVE;
				GCC_WARN_UNUSED_FUNCTION = YES;
				GCC_WARN_UNUSED_VARIABLE = YES;
				IPHONEOS_DEPLOYMENT_TARGET = 8.3;
				MTL_ENABLE_DEBUG_INFO = YES;
				ONLY_ACTIVE_ARCH = YES;
				SDKROOT = iphoneos;
				TARGETED_DEVICE_FAMILY = "1,2";
			};
			name = Debug;
		};
		28D1D8561B02A73500F9BFFD /* Release */ = {
			isa = XCBuildConfiguration;
			buildSettings = {
				ALWAYS_SEARCH_USER_PATHS = NO;
				CLANG_CXX_LANGUAGE_STANDARD = "gnu++0x";
				CLANG_CXX_LIBRARY = "libc++";
				CLANG_ENABLE_MODULES = YES;
				CLANG_ENABLE_OBJC_ARC = YES;
				CLANG_WARN_BOOL_CONVERSION = YES;
				CLANG_WARN_CONSTANT_CONVERSION = YES;
				CLANG_WARN_DIRECT_OBJC_ISA_USAGE = YES_ERROR;
				CLANG_WARN_EMPTY_BODY = YES;
				CLANG_WARN_ENUM_CONVERSION = YES;
				CLANG_WARN_INT_CONVERSION = YES;
				CLANG_WARN_OBJC_ROOT_CLASS = YES_ERROR;
				CLANG_WARN_UNREACHABLE_CODE = YES;
				CLANG_WARN__DUPLICATE_METHOD_MATCH = YES;
				"CODE_SIGN_IDENTITY[sdk=iphoneos*]" = "iPhone Developer";
				COPY_PHASE_STRIP = NO;
				DEBUG_INFORMATION_FORMAT = "dwarf-with-dsym";
				ENABLE_NS_ASSERTIONS = NO;
				ENABLE_STRICT_OBJC_MSGSEND = YES;
				GCC_C_LANGUAGE_STANDARD = gnu99;
				GCC_NO_COMMON_BLOCKS = YES;
				GCC_WARN_64_TO_32_BIT_CONVERSION = YES;
				GCC_WARN_ABOUT_RETURN_TYPE = YES_ERROR;
				GCC_WARN_UNDECLARED_SELECTOR = YES;
				GCC_WARN_UNINITIALIZED_AUTOS = YES_AGGRESSIVE;
				GCC_WARN_UNUSED_FUNCTION = YES;
				GCC_WARN_UNUSED_VARIABLE = YES;
				IPHONEOS_DEPLOYMENT_TARGET = 8.3;
				MTL_ENABLE_DEBUG_INFO = NO;
				SDKROOT = iphoneos;
				TARGETED_DEVICE_FAMILY = "1,2";
				VALIDATE_PRODUCT = YES;
			};
			name = Release;
		};
		28D1D8581B02A73500F9BFFD /* Debug */ = {
			isa = XCBuildConfiguration;
			buildSettings = {
				ASSETCATALOG_COMPILER_APPICON_NAME = AppIcon;
				CODE_SIGN_IDENTITY = "iPhone Developer";
				INFOPLIST_FILE = EggCatcher/Info.plist;
				LD_RUNPATH_SEARCH_PATHS = "$(inherited) @executable_path/Frameworks";
				PRODUCT_NAME = "$(TARGET_NAME)";
			};
			name = Debug;
		};
		28D1D8591B02A73500F9BFFD /* Release */ = {
			isa = XCBuildConfiguration;
			buildSettings = {
				ASSETCATALOG_COMPILER_APPICON_NAME = AppIcon;
				CODE_SIGN_IDENTITY = "iPhone Developer";
				INFOPLIST_FILE = EggCatcher/Info.plist;
				LD_RUNPATH_SEARCH_PATHS = "$(inherited) @executable_path/Frameworks";
				PRODUCT_NAME = "$(TARGET_NAME)";
			};
			name = Release;
		};
		28D1D85B1B02A73500F9BFFD /* Debug */ = {
			isa = XCBuildConfiguration;
			buildSettings = {
				BUNDLE_LOADER = "$(TEST_HOST)";
				FRAMEWORK_SEARCH_PATHS = (
					"$(SDKROOT)/Developer/Library/Frameworks",
					"$(inherited)",
				);
				GCC_PREPROCESSOR_DEFINITIONS = (
					"DEBUG=1",
					"$(inherited)",
				);
				INFOPLIST_FILE = EggCatcherTests/Info.plist;
				LD_RUNPATH_SEARCH_PATHS = "$(inherited) @executable_path/Frameworks @loader_path/Frameworks";
				PRODUCT_NAME = "$(TARGET_NAME)";
				TEST_HOST = "$(BUILT_PRODUCTS_DIR)/EggCatcher.app/EggCatcher";
			};
			name = Debug;
		};
		28D1D85C1B02A73500F9BFFD /* Release */ = {
			isa = XCBuildConfiguration;
			buildSettings = {
				BUNDLE_LOADER = "$(TEST_HOST)";
				FRAMEWORK_SEARCH_PATHS = (
					"$(SDKROOT)/Developer/Library/Frameworks",
					"$(inherited)",
				);
				INFOPLIST_FILE = EggCatcherTests/Info.plist;
				LD_RUNPATH_SEARCH_PATHS = "$(inherited) @executable_path/Frameworks @loader_path/Frameworks";
				PRODUCT_NAME = "$(TARGET_NAME)";
				TEST_HOST = "$(BUILT_PRODUCTS_DIR)/EggCatcher.app/EggCatcher";
			};
			name = Release;
		};
/* End XCBuildConfiguration section */

/* Begin XCConfigurationList section */
		28D1D82D1B02A73500F9BFFD /* Build configuration list for PBXProject "EggCatcher" */ = {
			isa = XCConfigurationList;
			buildConfigurations = (
				28D1D8551B02A73500F9BFFD /* Debug */,
				28D1D8561B02A73500F9BFFD /* Release */,
			);
			defaultConfigurationIsVisible = 0;
			defaultConfigurationName = Release;
		};
		28D1D8571B02A73500F9BFFD /* Build configuration list for PBXNativeTarget "EggCatcher" */ = {
			isa = XCConfigurationList;
			buildConfigurations = (
				28D1D8581B02A73500F9BFFD /* Debug */,
				28D1D8591B02A73500F9BFFD /* Release */,
			);
			defaultConfigurationIsVisible = 0;
			defaultConfigurationName = Release;
		};
		28D1D85A1B02A73500F9BFFD /* Build configuration list for PBXNativeTarget "EggCatcherTests" */ = {
			isa = XCConfigurationList;
			buildConfigurations = (
				28D1D85B1B02A73500F9BFFD /* Debug */,
				28D1D85C1B02A73500F9BFFD /* Release */,
			);
			defaultConfigurationIsVisible = 0;
			defaultConfigurationName = Release;
		};
/* End XCConfigurationList section */
	};
	rootObject = 28D1D82A1B02A73500F9BFFD /* Project object */;
}
